
Microsoft Visual Studio Solution File, Format Version 12.00
# Visual Studio Version 17
VisualStudioVersion = 17.9.34714.143
MinimumVisualStudioVersion = 10.0.40219.1
Project("{FAE04EC0-301F-11D3-BF4B-00C04F79EFBC}") = "Examen2A", "Examen2A.csproj", "{FC8550A4-F596-4B19-A797-F6FB97DA3718}"
EndProject
Global
	GlobalSection(SolutionConfigurationPlatforms) = preSolution
		Debug|Any CPU = Debug|Any CPU
		Release|Any CPU = Release|Any CPU
	EndGlobalSection
	GlobalSection(ProjectConfigurationPlatforms) = postSolution
		{FC8550A4-F596-4B19-A797-F6FB97DA3718}.Debug|Any CPU.ActiveCfg = Debug|Any CPU
		{FC8550A4-F596-4B19-A797-F6FB97DA3718}.Debug|Any CPU.Build.0 = Debug|Any CPU
		{FC8550A4-F596-4B19-A797-F6FB97DA3718}.Release|Any CPU.ActiveCfg = Release|Any CPU
		{FC8550A4-F596-4B19-A797-F6FB97DA3718}.Release|Any CPU.Build.0 = Release|Any CPU
	EndGlobalSection
	GlobalSection(SolutionProperties) = preSolution
		HideSolutionNode = FALSE
	EndGlobalSection
	GlobalSection(ExtensibilityGlobals) = postSolution
		SolutionGuid = {A44AF51D-55AA-40A3-B378-FFF322004154}
	EndGlobalSection
EndGlobal
